{
  "requires": true,
  "lockfileVersion": 1,
  "dependencies": {
    "comandante": {
      "version": "0.0.1",
      "resolved": "https://registry.npmjs.org/comandante/-/comandante-0.0.1.tgz",
      "integrity": "sha1-gFHaYILocgiq3VK9gXJ1t8gDUAk=",
      "requires": {
        "duplexer": "0.0.4"
      }
    },
    "duplexer": {
      "version": "0.0.4",
      "resolved": "https://registry.npmjs.org/duplexer/-/duplexer-0.0.4.tgz",
      "integrity": "sha1-r8t/H4uNdPggcmFx1dZKyeSo/yA="
    },
    "git-history": {
      "version": "0.0.2",
      "resolved": "https://registry.npmjs.org/git-history/-/git-history-0.0.2.tgz",
      "integrity": "sha1-bP0drs3jsJVGXetzXAwUXsGWLlA=",
      "requires": {
        "comandante": "0.0.1",
        "split": "0.2.10",
        "through": "1.1.2"
      }
    },
    "split": {
      "version": "0.2.10",
      "resolved": "https://registry.npmjs.org/split/-/split-0.2.10.tgz",
      "integrity": "sha1-Zwl8YB1pfOE2j0GPBs0gHPBSGlc=",
      "requires": {
        "through": "2.3.8"
      },
      "dependencies": {
        "through": {
          "version": "2.3.8",
          "resolved": "https://registry.npmjs.org/through/-/through-2.3.8.tgz",
          "integrity": "sha1-DdTJ/6q8NXlgsbckEV1+Doai4fU="
        }
      }
    },
    "through": {
      "version": "1.1.2",
      "resolved": "https://registry.npmjs.org/through/-/through-1.1.2.tgz",
      "integrity": "sha1-NEpUJaN3MxTKfg62US+6+vdsC/4="
    }
  }
}
